{
  "name": "aetherion-kernel",
  "lockfileVersion": 3,
  "requires": true,
  "packages": {
    "": {
      "name": "aetherion-kernel",
      "version": "0.0.0",
      "license": "MIT",
      "bin": {
        "ether": "packages/tui/src/cli.ts"
      },
      "engines": {
        "node": ">=24.9.0"
      }
    }
  }
}
